
Microsoft Visual Studio Solution File, Format Version 12.00
# Visual Studio Version 17
VisualStudioVersion = 17.11.35312.102
MinimumVisualStudioVersion = 10.0.40219.1
Project("{9A19103F-16F7-4668-BE54-9A1E7A4F7556}") = "BenchMarkThree", "BenchMarkEntityFrameworkThree\BenchMarkThree.csproj", "{A6A0F496-5AAE-431C-89B9-1D576A15DA4C}"
EndProject
Project("{FAE04EC0-301F-11D3-BF4B-00C04F79EFBC}") = "BenchMarkSix", "BenchMarkSix\BenchMarkSix.csproj", "{B1D36280-6D07-403A-8DC7-8B08BC2757EF}"
EndProject
Global
	GlobalSection(SolutionConfigurationPlatforms) = preSolution
		Debug|Any CPU = Debug|Any CPU
		Release|Any CPU = Release|Any CPU
	EndGlobalSection
	GlobalSection(ProjectConfigurationPlatforms) = postSolution
		{A6A0F496-5AAE-431C-89B9-1D576A15DA4C}.Debug|Any CPU.ActiveCfg = Debug|Any CPU
		{A6A0F496-5AAE-431C-89B9-1D576A15DA4C}.Debug|Any CPU.Build.0 = Debug|Any CPU
		{A6A0F496-5AAE-431C-89B9-1D576A15DA4C}.Release|Any CPU.ActiveCfg = Release|Any CPU
		{A6A0F496-5AAE-431C-89B9-1D576A15DA4C}.Release|Any CPU.Build.0 = Release|Any CPU
		{B1D36280-6D07-403A-8DC7-8B08BC2757EF}.Debug|Any CPU.ActiveCfg = Debug|Any CPU
		{B1D36280-6D07-403A-8DC7-8B08BC2757EF}.Debug|Any CPU.Build.0 = Debug|Any CPU
		{B1D36280-6D07-403A-8DC7-8B08BC2757EF}.Release|Any CPU.ActiveCfg = Release|Any CPU
		{B1D36280-6D07-403A-8DC7-8B08BC2757EF}.Release|Any CPU.Build.0 = Release|Any CPU
	EndGlobalSection
	GlobalSection(SolutionProperties) = preSolution
		HideSolutionNode = FALSE
	EndGlobalSection
	GlobalSection(ExtensibilityGlobals) = postSolution
		SolutionGuid = {046D4B8E-65FA-41EA-B0C3-EAB2A0669018}
	EndGlobalSection
EndGlobal
